
Microsoft Visual Studio Solution File, Format Version 12.00
# Visual Studio Version 17
VisualStudioVersion = 17.6.33829.357
MinimumVisualStudioVersion = 10.0.40219.1
Project("{FAE04EC0-301F-11D3-BF4B-00C04F79EFBC}") = "ClinicService", "ClinicService\ClinicService.csproj", "{C31A0229-AD9B-45F0-81FF-C1BD06AE575D}"
EndProject
Global
	GlobalSection(SolutionConfigurationPlatforms) = preSolution
		Debug|Any CPU = Debug|Any CPU
		Release|Any CPU = Release|Any CPU
	EndGlobalSection
	GlobalSection(ProjectConfigurationPlatforms) = postSolution
		{C31A0229-AD9B-45F0-81FF-C1BD06AE575D}.Debug|Any CPU.ActiveCfg = Debug|Any CPU
		{C31A0229-AD9B-45F0-81FF-C1BD06AE575D}.Debug|Any CPU.Build.0 = Debug|Any CPU
		{C31A0229-AD9B-45F0-81FF-C1BD06AE575D}.Release|Any CPU.ActiveCfg = Release|Any CPU
		{C31A0229-AD9B-45F0-81FF-C1BD06AE575D}.Release|Any CPU.Build.0 = Release|Any CPU
	EndGlobalSection
	GlobalSection(SolutionProperties) = preSolution
		HideSolutionNode = FALSE
	EndGlobalSection
	GlobalSection(ExtensibilityGlobals) = postSolution
		SolutionGuid = {A354E8F3-AF39-4734-871D-BE3CC428BB7C}
	EndGlobalSection
EndGlobal
